// !$*UTF8*$!
{
	archiveVersion = 1;
	classes = {
	};
	objectVersion = 46;
	objects = {

/* Begin PBXBuildFile section */
		50600F331AA78972005CF073 /* AppDelegate.swift in Sources */ = {isa = PBXBuildFile; fileRef = 50600F321AA78972005CF073 /* AppDelegate.swift */; };
		50600F361AA78972005CF073 /* Git_Test.xcdatamodeld in Sources */ = {isa = PBXBuildFile; fileRef = 50600F341AA78972005CF073 /* Git_Test.xcdatamodeld */; };
		50600F381AA78972005CF073 /* ViewController.swift in Sources */ = {isa = PBXBuildFile; fileRef = 50600F371AA78972005CF073 /* ViewController.swift */; };
		50600F3B1AA78972005CF073 /* Main.storyboard in Resources */ = {isa = PBXBuildFile; fileRef = 50600F391AA78972005CF073 /* Main.storyboard */; };
		50600F3D1AA78972005CF073 /* Images.xcassets in Resources */ = {isa = PBXBuildFile; fileRef = 50600F3C1AA78972005CF073 /* Images.xcassets */; };
		50600F401AA78972005CF073 /* LaunchScreen.xib in Resources */ = {isa = PBXBuildFile; fileRef = 50600F3E1AA78972005CF073 /* LaunchScreen.xib */; };
		50600F4C1AA78972005CF073 /* Git_TestTests.swift in Sources */ = {isa = PBXBuildFile; fileRef = 50600F4B1AA78972005CF073 /* Git_TestTests.swift */; };
/* End PBXBuildFile section */

/* Begin PBXContainerItemProxy section */
		50600F461AA78972005CF073 /* PBXContainerItemProxy */ = {
			isa = PBXContainerItemProxy;
			containerPortal = 50600F251AA78972005CF073 /* Project object */;
			proxyType = 1;
			remoteGlobalIDString = 50600F2C1AA78972005CF073;
			remoteInfo = "Git Test";
		};
/* End PBXContainerItemProxy section */

/* Begin PBXFileReference section */
		50600F2D1AA78972005CF073 /* Git Test.app */ = {isa = PBXFileReference; explicitFileType = wrapper.application; includeInIndex = 0; path = "Git Test.app"; sourceTree = BUILT_PRODUCTS_DIR; };
		50600F311AA78972005CF073 /* Info.plist */ = {isa = PBXFileReference; lastKnownFileType = text.plist.xml; path = Info.plist; sourceTree = "<group>"; };
		50600F321AA78972005CF073 /* AppDelegate.swift */ = {isa = PBXFileReference; lastKnownFileType = sourcecode.swift; path = AppDelegate.swift; sourceTree = "<group>"; };
		50600F351AA78972005CF073 /* Git_Test.xcdatamodel */ = {isa = PBXFileReference; lastKnownFileType = wrapper.xcdatamodel; path = Git_Test.xcdatamodel; sourceTree = "<group>"; };
		50600F371AA78972005CF073 /* ViewController.swift */ = {isa = PBXFileReference; lastKnownFileType = sourcecode.swift; path = ViewController.swift; sourceTree = "<group>"; };
		50600F3A1AA78972005CF073 /* Base */ = {isa = PBXFileReference; lastKnownFileType = file.storyboard; name = Base; path = Base.lproj/Main.storyboard; sourceTree = "<group>"; };
		50600F3C1AA78972005CF073 /* Images.xcassets */ = {isa = PBXFileReference; lastKnownFileType = folder.assetcatalog; path = Images.xcassets; sourceTree = "<group>"; };
		50600F3F1AA78972005CF073 /* Base */ = {isa = PBXFileReference; lastKnownFileType = file.xib; name = Base; path = Base.lproj/LaunchScreen.xib; sourceTree = "<group>"; };
		50600F451AA78972005CF073 /* Git TestTests.xctest */ = {isa = PBXFileReference; explicitFileType = wrapper.cfbundle; includeInIndex = 0; path = "Git TestTests.xctest"; sourceTree = BUILT_PRODUCTS_DIR; };
		50600F4A1AA78972005CF073 /* Info.plist */ = {isa = PBXFileReference; lastKnownFileType = text.plist.xml; path = Info.plist; sourceTree = "<group>"; };
		50600F4B1AA78972005CF073 /* Git_TestTests.swift */ = {isa = PBXFileReference; lastKnownFileType = sourcecode.swift; path = Git_TestTests.swift; sourceTree = "<group>"; };
/* End PBXFileReference section */

/* Begin PBXFrameworksBuildPhase section */
		50600F2A1AA78972005CF073 /* Frameworks */ = {
			isa = PBXFrameworksBuildPhase;
			buildActionMask = 2147483647;
			files = (
			);
			runOnlyForDeploymentPostprocessing = 0;
		};
		50600F421AA78972005CF073 /* Frameworks */ = {
			isa = PBXFrameworksBuildPhase;
			buildActionMask = 2147483647;
			files = (
			);
			runOnlyForDeploymentPostprocessing = 0;
		};
/* End PBXFrameworksBuildPhase section */

/* Begin PBXGroup section */
		50600F241AA78972005CF073 = {
			isa = PBXGroup;
			children = (
				50600F2F1AA78972005CF073 /* Git Test */,
				50600F481AA78972005CF073 /* Git TestTests */,
				50600F2E1AA78972005CF073 /* Products */,
			);
			sourceTree = "<group>";
		};
		50600F2E1AA78972005CF073 /* Products */ = {
			isa = PBXGroup;
			children = (
				50600F2D1AA78972005CF073 /* Git Test.app */,
				50600F451AA78972005CF073 /* Git TestTests.xctest */,
			);
			name = Products;
			sourceTree = "<group>";
		};
		50600F2F1AA78972005CF073 /* Git Test */ = {
			isa = PBXGroup;
			children = (
				50600F321AA78972005CF073 /* AppDelegate.swift */,
				50600F371AA78972005CF073 /* ViewController.swift */,
				50600F391AA78972005CF073 /* Main.storyboard */,
				50600F3C1AA78972005CF073 /* Images.xcassets */,
				50600F3E1AA78972005CF073 /* LaunchScreen.xib */,
				50600F341AA78972005CF073 /* Git_Test.xcdatamodeld */,
				50600F301AA78972005CF073 /* Supporting Files */,
			);
			path = "Git Test";
			sourceTree = "<group>";
		};
		50600F301AA78972005CF073 /* Supporting Files */ = {
			isa = PBXGroup;
			children = (
				50600F311AA78972005CF073 /* Info.plist */,
			);
			name = "Supporting Files";
			sourceTree = "<group>";
		};
		50600F481AA78972005CF073 /* Git TestTests */ = {
			isa = PBXGroup;
			children = (
				50600F4B1AA78972005CF073 /* Git_TestTests.swift */,
				50600F491AA78972005CF073 /* Supporting Files */,
			);
			path = "Git TestTests";
			sourceTree = "<group>";
		};
		50600F491AA78972005CF073 /* Supporting Files */ = {
			isa = PBXGroup;
			children = (
				50600F4A1AA78972005CF073 /* Info.plist */,
			);
			name = "Supporting Files";
			sourceTree = "<group>";
		};
/* End PBXGroup section */

/* Begin PBXNativeTarget section */
		50600F2C1AA78972005CF073 /* Git Test */ = {
			isa = PBXNativeTarget;
			buildConfigurationList = 50600F4F1AA78972005CF073 /* Build configuration list for PBXNativeTarget "Git Test" */;
			buildPhases = (
				50600F291AA78972005CF073 /* Sources */,
				50600F2A1AA78972005CF073 /* Frameworks */,
				50600F2B1AA78972005CF073 /* Resources */,
			);
			buildRules = (
			);
			dependencies = (
			);
			name = "Git Test";
			productName = "Git Test";
			productReference = 50600F2D1AA78972005CF073 /* Git Test.app */;
			productType = "com.apple.product-type.application";
		};
		50600F441AA78972005CF073 /* Git TestTests */ = {
			isa = PBXNativeTarget;
			buildConfigurationList = 50600F521AA78972005CF073 /* Build configuration list for PBXNativeTarget "Git TestTests" */;
			buildPhases = (
				50600F411AA78972005CF073 /* Sources */,
				50600F421AA78972005CF073 /* Frameworks */,
				50600F431AA78972005CF073 /* Resources */,
			);
			buildRules = (
			);
			dependencies = (
				50600F471AA78972005CF073 /* PBXTargetDependency */,
			);
			name = "Git TestTests";
			productName = "Git TestTests";
			productReference = 50600F451AA78972005CF073 /* Git TestTests.xctest */;
			productType = "com.apple.product-type.bundle.unit-test";
		};
/* End PBXNativeTarget section */

/* Begin PBXProject section */
		50600F251AA78972005CF073 /* Project object */ = {
			isa = PBXProject;
			attributes = {
				LastUpgradeCheck = 0610;
				ORGANIZATIONNAME = "Ciaran Mooney";
				TargetAttributes = {
					50600F2C1AA78972005CF073 = {
						CreatedOnToolsVersion = 6.1.1;
					};
					50600F441AA78972005CF073 = {
						CreatedOnToolsVersion = 6.1.1;
						TestTargetID = 50600F2C1AA78972005CF073;
					};
				};
			};
			buildConfigurationList = 50600F281AA78972005CF073 /* Build configuration list for PBXProject "Git Test" */;
			compatibilityVersion = "Xcode 3.2";
			developmentRegion = English;
			hasScannedForEncodings = 0;
			knownRegions = (
				en,
				Base,
			);
			mainGroup = 50600F241AA78972005CF073;
			productRefGroup = 50600F2E1AA78972005CF073 /* Products */;
			projectDirPath = "";
			projectRoot = "";
			targets = (
				50600F2C1AA78972005CF073 /* Git Test */,
				50600F441AA78972005CF073 /* Git TestTests */,
			);
		};
/* End PBXProject section */

/* Begin PBXResourcesBuildPhase section */
		50600F2B1AA78972005CF073 /* Resources */ = {
			isa = PBXResourcesBuildPhase;
			buildActionMask = 2147483647;
			files = (
				50600F3B1AA78972005CF073 /* Main.storyboard in Resources */,
				50600F401AA78972005CF073 /* LaunchScreen.xib in Resources */,
				50600F3D1AA78972005CF073 /* Images.xcassets in Resources */,
			);
			runOnlyForDeploymentPostprocessing = 0;
		};
		50600F431AA78972005CF073 /* Resources */ = {
			isa = PBXResourcesBuildPhase;
			buildActionMask = 2147483647;
			files = (
			);
			runOnlyForDeploymentPostprocessing = 0;
		};
/* End PBXResourcesBuildPhase section */

/* Begin PBXSourcesBuildPhase section */
		50600F291AA78972005CF073 /* Sources */ = {
			isa = PBXSourcesBuildPhase;
			buildActionMask = 2147483647;
			files = (
				50600F381AA78972005CF073 /* ViewController.swift in Sources */,
				50600F361AA78972005CF073 /* Git_Test.xcdatamodeld in Sources */,
				50600F331AA78972005CF073 /* AppDelegate.swift in Sources */,
			);
			runOnlyForDeploymentPostprocessing = 0;
		};
		50600F411AA78972005CF073 /* Sources */ = {
			isa = PBXSourcesBuildPhase;
			buildActionMask = 2147483647;
			files = (
				50600F4C1AA78972005CF073 /* Git_TestTests.swift in Sources */,
			);
			runOnlyForDeploymentPostprocessing = 0;
		};
/* End PBXSourcesBuildPhase section */

/* Begin PBXTargetDependency section */
		50600F471AA78972005CF073 /* PBXTargetDependency */ = {
			isa = PBXTargetDependency;
			target = 50600F2C1AA78972005CF073 /* Git Test */;
			targetProxy = 50600F461AA78972005CF073 /* PBXContainerItemProxy */;
		};
/* End PBXTargetDependency section */

/* Begin PBXVariantGroup section */
		50600F391AA78972005CF073 /* Main.storyboard */ = {
			isa = PBXVariantGroup;
			children = (
				50600F3A1AA78972005CF073 /* Base */,
			);
			name = Main.storyboard;
			sourceTree = "<group>";
		};
		50600F3E1AA78972005CF073 /* LaunchScreen.xib */ = {
			isa = PBXVariantGroup;
			children = (
				50600F3F1AA78972005CF073 /* Base */,
			);
			name = LaunchScreen.xib;
			sourceTree = "<group>";
		};
/* End PBXVariantGroup section */

/* Begin XCBuildConfiguration section */
		50600F4D1AA78972005CF073 /* Debug */ = {
			isa = XCBuildConfiguration;
			buildSettings = {
				ALWAYS_SEARCH_USER_PATHS = NO;
				CLANG_CXX_LANGUAGE_STANDARD = "gnu++0x";
				CLANG_CXX_LIBRARY = "libc++";
				CLANG_ENABLE_MODULES = YES;
				CLANG_ENABLE_OBJC_ARC = YES;
				CLANG_WARN_BOOL_CONVERSION = YES;
				CLANG_WARN_CONSTANT_CONVERSION = YES;
				CLANG_WARN_DIRECT_OBJC_ISA_USAGE = YES_ERROR;
				CLANG_WARN_EMPTY_BODY = YES;
				CLANG_WARN_ENUM_CONVERSION = YES;
				CLANG_WARN_INT_CONVERSION = YES;
				CLANG_WARN_OBJC_ROOT_CLASS = YES_ERROR;
				CLANG_WARN_UNREACHABLE_CODE = YES;
				CLANG_WARN__DUPLICATE_METHOD_MATCH = YES;
				"CODE_SIGN_IDENTITY[sdk=iphoneos*]" = "iPhone Developer";
				COPY_PHASE_STRIP = NO;
				ENABLE_STRICT_OBJC_MSGSEND = YES;
				GCC_C_LANGUAGE_STANDARD = gnu99;
				GCC_DYNAMIC_NO_PIC = NO;
				GCC_OPTIMIZATION_LEVEL = 0;
				GCC_PREPROCESSOR_DEFINITIONS = (
					"DEBUG=1",
					"$(inherited)",
				);
				GCC_SYMBOLS_PRIVATE_EXTERN = NO;
				GCC_WARN_64_TO_32_BIT_CONVERSION = YES;
				GCC_WARN_ABOUT_RETURN_TYPE = YES_ERROR;
				GCC_WARN_UNDECLARED_SELECTOR = YES;
				GCC_WARN_UNINITIALIZED_AUTOS = YES_AGGRESSIVE;
				GCC_WARN_UNUSED_FUNCTION = YES;
				GCC_WARN_UNUSED_VARIABLE = YES;
				IPHONEOS_DEPLOYMENT_TARGET = 8.1;
				MTL_ENABLE_DEBUG_INFO = YES;
				ONLY_ACTIVE_ARCH = YES;
				SDKROOT = iphoneos;
				SWIFT_OPTIMIZATION_LEVEL = "-Onone";
				TARGETED_DEVICE_FAMILY = "1,2";
			};
			name = Debug;
		};
		50600F4E1AA78972005CF073 /* Release */ = {
			isa = XCBuildConfiguration;
			buildSettings = {
				ALWAYS_SEARCH_USER_PATHS = NO;
				CLANG_CXX_LANGUAGE_STANDARD = "gnu++0x";
				CLANG_CXX_LIBRARY = "libc++";
				CLANG_ENABLE_MODULES = YES;
				CLANG_ENABLE_OBJC_ARC = YES;
				CLANG_WARN_BOOL_CONVERSION = YES;
				CLANG_WARN_CONSTANT_CONVERSION = YES;
				CLANG_WARN_DIRECT_OBJC_ISA_USAGE = YES_ERROR;
				CLANG_WARN_EMPTY_BODY = YES;
				CLANG_WARN_ENUM_CONVERSION = YES;
				CLANG_WARN_INT_CONVERSION = YES;
				CLANG_WARN_OBJC_ROOT_CLASS = YES_ERROR;
				CLANG_WARN_UNREACHABLE_CODE = YES;
				CLANG_WARN__DUPLICATE_METHOD_MATCH = YES;
				"CODE_SIGN_IDENTITY[sdk=iphoneos*]" = "iPhone Developer";
				COPY_PHASE_STRIP = YES;
				ENABLE_NS_ASSERTIONS = NO;
				ENABLE_STRICT_OBJC_MSGSEND = YES;
				GCC_C_LANGUAGE_STANDARD = gnu99;
				GCC_WARN_64_TO_32_BIT_CONVERSION = YES;
				GCC_WARN_ABOUT_RETURN_TYPE = YES_ERROR;
				GCC_WARN_UNDECLARED_SELECTOR = YES;
				GCC_WARN_UNINITIALIZED_AUTOS = YES_AGGRESSIVE;
				GCC_WARN_UNUSED_FUNCTION = YES;
				GCC_WARN_UNUSED_VARIABLE = YES;
				IPHONEOS_DEPLOYMENT_TARGET = 8.1;
				MTL_ENABLE_DEBUG_INFO = NO;
				SDKROOT = iphoneos;
				TARGETED_DEVICE_FAMILY = "1,2";
				VALIDATE_PRODUCT = YES;
			};
			name = Release;
		};
		50600F501AA78972005CF073 /* Debug */ = {
			isa = XCBuildConfiguration;
			buildSettings = {
				ASSETCATALOG_COMPILER_APPICON_NAME = AppIcon;
				INFOPLIST_FILE = "Git Test/Info.plist";
				LD_RUNPATH_SEARCH_PATHS = "$(inherited) @executable_path/Frameworks";
				PRODUCT_NAME = "$(TARGET_NAME)";
			};
			name = Debug;
		};
		50600F511AA78972005CF073 /* Release */ = {
			isa = XCBuildConfiguration;
			buildSettings = {
				ASSETCATALOG_COMPILER_APPICON_NAME = AppIcon;
				INFOPLIST_FILE = "Git Test/Info.plist";
				LD_RUNPATH_SEARCH_PATHS = "$(inherited) @executable_path/Frameworks";
				PRODUCT_NAME = "$(TARGET_NAME)";
			};
			name = Release;
		};
		50600F531AA78972005CF073 /* Debug */ = {
			isa = XCBuildConfiguration;
			buildSettings = {
				BUNDLE_LOADER = "$(TEST_HOST)";
				FRAMEWORK_SEARCH_PATHS = (
					"$(SDKROOT)/Developer/Library/Frameworks",
					"$(inherited)",
				);
				GCC_PREPROCESSOR_DEFINITIONS = (
					"DEBUG=1",
					"$(inherited)",
				);
				INFOPLIST_FILE = "Git TestTests/Info.plist";
				LD_RUNPATH_SEARCH_PATHS = "$(inherited) @executable_path/Frameworks @loader_path/Frameworks";
				PRODUCT_NAME = "$(TARGET_NAME)";
				TEST_HOST = "$(BUILT_PRODUCTS_DIR)/Git Test.app/Git Test";
			};
			name = Debug;
		};
		50600F541AA78972005CF073 /* Release */ = {
			isa = XCBuildConfiguration;
			buildSettings = {
				BUNDLE_LOADER = "$(TEST_HOST)";
				FRAMEWORK_SEARCH_PATHS = (
					"$(SDKROOT)/Developer/Library/Frameworks",
					"$(inherited)",
				);
				INFOPLIST_FILE = "Git TestTests/Info.plist";
				LD_RUNPATH_SEARCH_PATHS = "$(inherited) @executable_path/Frameworks @loader_path/Frameworks";
				PRODUCT_NAME = "$(TARGET_NAME)";
				TEST_HOST = "$(BUILT_PRODUCTS_DIR)/Git Test.app/Git Test";
			};
			name = Release;
		};
/* End XCBuildConfiguration section */

/* Begin XCConfigurationList section */
		50600F281AA78972005CF073 /* Build configuration list for PBXProject "Git Test" */ = {
			isa = XCConfigurationList;
			buildConfigurations = (
				50600F4D1AA78972005CF073 /* Debug */,
				50600F4E1AA78972005CF073 /* Release */,
			);
			defaultConfigurationIsVisible = 0;
			defaultConfigurationName = Release;
		};
		50600F4F1AA78972005CF073 /* Build configuration list for PBXNativeTarget "Git Test" */ = {
			isa = XCConfigurationList;
			buildConfigurations = (
				50600F501AA78972005CF073 /* Debug */,
				50600F511AA78972005CF073 /* Release */,
			);
			defaultConfigurationIsVisible = 0;
		};
		50600F521AA78972005CF073 /* Build configuration list for PBXNativeTarget "Git TestTests" */ = {
			isa = XCConfigurationList;
			buildConfigurations = (
				50600F531AA78972005CF073 /* Debug */,
				50600F541AA78972005CF073 /* Release */,
			);
			defaultConfigurationIsVisible = 0;
		};
/* End XCConfigurationList section */

/* Begin XCVersionGroup section */
		50600F341AA78972005CF073 /* Git_Test.xcdatamodeld */ = {
			isa = XCVersionGroup;
			children = (
				50600F351AA78972005CF073 /* Git_Test.xcdatamodel */,
			);
			currentVersion = 50600F351AA78972005CF073 /* Git_Test.xcdatamodel */;
			path = Git_Test.xcdatamodeld;
			sourceTree = "<group>";
			versionGroupType = wrapper.xcdatamodel;
		};
/* End XCVersionGroup section */
	};
	rootObject = 50600F251AA78972005CF073 /* Project object */;
}
